// !$*UTF8*$!
{
	archiveVersion = 1;
	classes = {
	};
	objectVersion = 54;
	objects = {

/* Begin PBXBuildFile section */
		346708D67FEC00D58649E89F /* Submap.app in Resources */ = {isa = PBXBuildFile; fileRef = A7B68D7D5C64A4927AD9B331 /* Submap.app */; settings = {ATTRIBUTES = (RemoveHeadersOnCopy, ); }; };
		45C47A0D398D43C087F7183A /* Assets.xcassets in Resources */ = {isa = PBXBuildFile; fileRef = 4B82A28C190B97ABB8FE9BB5 /* Assets.xcassets */; };
		4AD220DDC72B691DC3A33656 /* SubmapTests.swift in Sources */ = {isa = PBXBuildFile; fileRef = 15E568847B8D6B5999267A75 /* SubmapTests.swift */; };
		7A66996AF1200F94EC630A0C /* SubmapApp.swift in Sources */ = {isa = PBXBuildFile; fileRef = 47DAFE5AFEA9655F55117701 /* SubmapApp.swift */; };
		8332F9BB5482D73CD8812DDB /* SubmapUITests.swift in Sources */ = {isa = PBXBuildFile; fileRef = 570655ADDAEDFF0A28CF8365 /* SubmapUITests.swift */; };
		BBB268CEF7BABFFEC89C7510 /* Submap.app in Resources */ = {isa = PBXBuildFile; fileRef = A7B68D7D5C64A4927AD9B331 /* Submap.app */; settings = {ATTRIBUTES = (RemoveHeadersOnCopy, ); }; };
		CD97471B0C560BED94FBE784 /* SubmapUITestsLaunchTests.swift in Sources */ = {isa = PBXBuildFile; fileRef = 6D65251F22A920F9185D0277 /* SubmapUITestsLaunchTests.swift */; };
		D5A6219D9741DBA42EC7E5B8 /* ContentView.swift in Sources */ = {isa = PBXBuildFile; fileRef = A92E3786ECF8731F9D6C7BC6 /* ContentView.swift */; };
		FA3EE67ADC3B9CFAA644060A /* Preview Assets.xcassets in Resources */ = {isa = PBXBuildFile; fileRef = C6F67D4FEB554340156E688C /* Preview Assets.xcassets */; };
/* End PBXBuildFile section */

/* Begin PBXContainerItemProxy section */
		B3EF532DF40868837E02461F /* PBXContainerItemProxy */ = {
			isa = PBXContainerItemProxy;
			containerPortal = 11E241BDB972970AD10904CC /* Project object */;
			proxyType = 1;
			remoteGlobalIDString = 8494DB74348CEC27A7804FA9;
			remoteInfo = Submap;
		};
		D1B4901FB7EF38F5B893F25B /* PBXContainerItemProxy */ = {
			isa = PBXContainerItemProxy;
			containerPortal = 11E241BDB972970AD10904CC /* Project object */;
			proxyType = 1;
			remoteGlobalIDString = 8494DB74348CEC27A7804FA9;
			remoteInfo = Submap;
		};
/* End PBXContainerItemProxy section */

/* Begin PBXFileReference section */
		15E568847B8D6B5999267A75 /* SubmapTests.swift */ = {isa = PBXFileReference; lastKnownFileType = sourcecode.swift; path = SubmapTests.swift; sourceTree = "<group>"; };
		47DAFE5AFEA9655F55117701 /* SubmapApp.swift */ = {isa = PBXFileReference; lastKnownFileType = sourcecode.swift; path = SubmapApp.swift; sourceTree = "<group>"; };
		4B82A28C190B97ABB8FE9BB5 /* Assets.xcassets */ = {isa = PBXFileReference; lastKnownFileType = folder.assetcatalog; path = Assets.xcassets; sourceTree = "<group>"; };
		570655ADDAEDFF0A28CF8365 /* SubmapUITests.swift */ = {isa = PBXFileReference; lastKnownFileType = sourcecode.swift; path = SubmapUITests.swift; sourceTree = "<group>"; };
		6D65251F22A920F9185D0277 /* SubmapUITestsLaunchTests.swift */ = {isa = PBXFileReference; lastKnownFileType = sourcecode.swift; path = SubmapUITestsLaunchTests.swift; sourceTree = "<group>"; };
		890EF71171F2446B2113B826 /* SubmapUITests.xctest */ = {isa = PBXFileReference; includeInIndex = 0; lastKnownFileType = wrapper.cfbundle; path = SubmapUITests.xctest; sourceTree = BUILT_PRODUCTS_DIR; };
		9B2435C33D9FD598F953C956 /* SubmapTests.xctest */ = {isa = PBXFileReference; includeInIndex = 0; lastKnownFileType = wrapper.cfbundle; path = SubmapTests.xctest; sourceTree = BUILT_PRODUCTS_DIR; };
		A7B68D7D5C64A4927AD9B331 /* Submap.app */ = {isa = PBXFileReference; includeInIndex = 0; lastKnownFileType = wrapper.application; path = Submap.app; sourceTree = BUILT_PRODUCTS_DIR; };
		A92E3786ECF8731F9D6C7BC6 /* ContentView.swift */ = {isa = PBXFileReference; lastKnownFileType = sourcecode.swift; path = ContentView.swift; sourceTree = "<group>"; };
		C6F67D4FEB554340156E688C /* Preview Assets.xcassets */ = {isa = PBXFileReference; lastKnownFileType = folder.assetcatalog; path = "Preview Assets.xcassets"; sourceTree = "<group>"; };
/* End PBXFileReference section */

/* Begin PBXGroup section */
		1BEB163894A84F4C6C4E119F /* Sources */ = {
			isa = PBXGroup;
			children = (
				A92E3786ECF8731F9D6C7BC6 /* ContentView.swift */,
				47DAFE5AFEA9655F55117701 /* SubmapApp.swift */,
			);
			path = Sources;
			sourceTree = "<group>";
		};
		1CD3258F6C8891AE36565176 /* PreviewContent */ = {
			isa = PBXGroup;
			children = (
				C6F67D4FEB554340156E688C /* Preview Assets.xcassets */,
			);
			path = PreviewContent;
			sourceTree = "<group>";
		};
		235CCAD5120D8977C2FCF679 /* Resources */ = {
			isa = PBXGroup;
			children = (
				4B82A28C190B97ABB8FE9BB5 /* Assets.xcassets */,
			);
			path = Resources;
			sourceTree = "<group>";
		};
		76262B7479CA7CDFCAC53B56 /* Tests */ = {
			isa = PBXGroup;
			children = (
				A3650903CD47E01FB1AC99D6 /* SubmapTests */,
				D77F498F8C172CEAE2C94357 /* SubmapUITests */,
			);
			path = Tests;
			sourceTree = "<group>";
		};
		92742F38429FC54F4EE20257 /* Products */ = {
			isa = PBXGroup;
			children = (
				A7B68D7D5C64A4927AD9B331 /* Submap.app */,
				9B2435C33D9FD598F953C956 /* SubmapTests.xctest */,
				890EF71171F2446B2113B826 /* SubmapUITests.xctest */,
			);
			name = Products;
			sourceTree = "<group>";
		};
		92881E3C477C1A47915E7005 /* Submap */ = {
			isa = PBXGroup;
			children = (
				1CD3258F6C8891AE36565176 /* PreviewContent */,
				235CCAD5120D8977C2FCF679 /* Resources */,
				1BEB163894A84F4C6C4E119F /* Sources */,
			);
			path = Submap;
			sourceTree = "<group>";
		};
		A3650903CD47E01FB1AC99D6 /* SubmapTests */ = {
			isa = PBXGroup;
			children = (
				15E568847B8D6B5999267A75 /* SubmapTests.swift */,
			);
			path = SubmapTests;
			sourceTree = "<group>";
		};
		C06815B19CF2EC85462349B3 /* Apps */ = {
			isa = PBXGroup;
			children = (
				92881E3C477C1A47915E7005 /* Submap */,
			);
			path = Apps;
			sourceTree = "<group>";
		};
		C4E612DDB69583613E70F5E3 = {
			isa = PBXGroup;
			children = (
				C06815B19CF2EC85462349B3 /* Apps */,
				76262B7479CA7CDFCAC53B56 /* Tests */,
				92742F38429FC54F4EE20257 /* Products */,
			);
			sourceTree = "<group>";
		};
		D77F498F8C172CEAE2C94357 /* SubmapUITests */ = {
			isa = PBXGroup;
			children = (
				570655ADDAEDFF0A28CF8365 /* SubmapUITests.swift */,
				6D65251F22A920F9185D0277 /* SubmapUITestsLaunchTests.swift */,
			);
			path = SubmapUITests;
			sourceTree = "<group>";
		};
/* End PBXGroup section */

/* Begin PBXNativeTarget section */
		8494DB74348CEC27A7804FA9 /* Submap */ = {
			isa = PBXNativeTarget;
			buildConfigurationList = F144FA461B1668954FEDF053 /* Build configuration list for PBXNativeTarget "Submap" */;
			buildPhases = (
				67BE220DF89008BA5A4CD344 /* Sources */,
				2C987424280A0A39299BB194 /* Resources */,
			);
			buildRules = (
			);
			dependencies = (
			);
			name = Submap;
			productName = Submap;
			productReference = A7B68D7D5C64A4927AD9B331 /* Submap.app */;
			productType = "com.apple.product-type.application";
		};
		BB89E4C9D925CF193EFC0E94 /* SubmapUITests */ = {
			isa = PBXNativeTarget;
			buildConfigurationList = 2D66367E313543891A1DF3BA /* Build configuration list for PBXNativeTarget "SubmapUITests" */;
			buildPhases = (
				DD38EC86124FF13FDBEB9892 /* Sources */,
				D2264D0841A05FAA60344D98 /* Resources */,
			);
			buildRules = (
			);
			dependencies = (
				75E788DBA5AF01CFAA2B8174 /* PBXTargetDependency */,
			);
			name = SubmapUITests;
			productName = SubmapUITests;
			productReference = 890EF71171F2446B2113B826 /* SubmapUITests.xctest */;
			productType = "com.apple.product-type.bundle.ui-testing";
		};
		F3722025185F2E121A46C025 /* SubmapTests */ = {
			isa = PBXNativeTarget;
			buildConfigurationList = 5E321E5A2AC13F7849BEC289 /* Build configuration list for PBXNativeTarget "SubmapTests" */;
			buildPhases = (
				C86BF57705841883F39EFB78 /* Sources */,
				B3C196470A325CFF2244E7B6 /* Resources */,
			);
			buildRules = (
			);
			dependencies = (
				049EF7BC51664E424E64A460 /* PBXTargetDependency */,
			);
			name = SubmapTests;
			productName = SubmapTests;
			productReference = 9B2435C33D9FD598F953C956 /* SubmapTests.xctest */;
			productType = "com.apple.product-type.bundle.unit-test";
		};
/* End PBXNativeTarget section */

/* Begin PBXProject section */
		11E241BDB972970AD10904CC /* Project object */ = {
			isa = PBXProject;
			attributes = {
				BuildIndependentTargetsInParallel = YES;
				LastUpgradeCheck = 1430;
				TargetAttributes = {
					8494DB74348CEC27A7804FA9 = {
						DevelopmentTeam = K78G42H4U2;
					};
					BB89E4C9D925CF193EFC0E94 = {
						DevelopmentTeam = K78G42H4U2;
						TestTargetID = 8494DB74348CEC27A7804FA9;
					};
					F3722025185F2E121A46C025 = {
						DevelopmentTeam = K78G42H4U2;
					};
				};
			};
			buildConfigurationList = BDA001BA92BB1BC0C9B1FF0C /* Build configuration list for PBXProject "Submap" */;
			compatibilityVersion = "Xcode 14.0";
			developmentRegion = en;
			hasScannedForEncodings = 0;
			knownRegions = (
				Base,
				en,
			);
			mainGroup = C4E612DDB69583613E70F5E3;
			projectDirPath = "";
			projectRoot = "";
			targets = (
				8494DB74348CEC27A7804FA9 /* Submap */,
				F3722025185F2E121A46C025 /* SubmapTests */,
				BB89E4C9D925CF193EFC0E94 /* SubmapUITests */,
			);
		};
/* End PBXProject section */

/* Begin PBXResourcesBuildPhase section */
		2C987424280A0A39299BB194 /* Resources */ = {
			isa = PBXResourcesBuildPhase;
			buildActionMask = 2147483647;
			files = (
				45C47A0D398D43C087F7183A /* Assets.xcassets in Resources */,
				FA3EE67ADC3B9CFAA644060A /* Preview Assets.xcassets in Resources */,
			);
			runOnlyForDeploymentPostprocessing = 0;
		};
		B3C196470A325CFF2244E7B6 /* Resources */ = {
			isa = PBXResourcesBuildPhase;
			buildActionMask = 2147483647;
			files = (
				346708D67FEC00D58649E89F /* Submap.app in Resources */,
			);
			runOnlyForDeploymentPostprocessing = 0;
		};
		D2264D0841A05FAA60344D98 /* Resources */ = {
			isa = PBXResourcesBuildPhase;
			buildActionMask = 2147483647;
			files = (
				BBB268CEF7BABFFEC89C7510 /* Submap.app in Resources */,
			);
			runOnlyForDeploymentPostprocessing = 0;
		};
/* End PBXResourcesBuildPhase section */

/* Begin PBXSourcesBuildPhase section */
		67BE220DF89008BA5A4CD344 /* Sources */ = {
			isa = PBXSourcesBuildPhase;
			buildActionMask = 2147483647;
			files = (
				D5A6219D9741DBA42EC7E5B8 /* ContentView.swift in Sources */,
				7A66996AF1200F94EC630A0C /* SubmapApp.swift in Sources */,
			);
			runOnlyForDeploymentPostprocessing = 0;
		};
		C86BF57705841883F39EFB78 /* Sources */ = {
			isa = PBXSourcesBuildPhase;
			buildActionMask = 2147483647;
			files = (
				4AD220DDC72B691DC3A33656 /* SubmapTests.swift in Sources */,
			);
			runOnlyForDeploymentPostprocessing = 0;
		};
		DD38EC86124FF13FDBEB9892 /* Sources */ = {
			isa = PBXSourcesBuildPhase;
			buildActionMask = 2147483647;
			files = (
				8332F9BB5482D73CD8812DDB /* SubmapUITests.swift in Sources */,
				CD97471B0C560BED94FBE784 /* SubmapUITestsLaunchTests.swift in Sources */,
			);
			runOnlyForDeploymentPostprocessing = 0;
		};
/* End PBXSourcesBuildPhase section */

/* Begin PBXTargetDependency section */
		049EF7BC51664E424E64A460 /* PBXTargetDependency */ = {
			isa = PBXTargetDependency;
			target = 8494DB74348CEC27A7804FA9 /* Submap */;
			targetProxy = B3EF532DF40868837E02461F /* PBXContainerItemProxy */;
		};
		75E788DBA5AF01CFAA2B8174 /* PBXTargetDependency */ = {
			isa = PBXTargetDependency;
			target = 8494DB74348CEC27A7804FA9 /* Submap */;
			targetProxy = D1B4901FB7EF38F5B893F25B /* PBXContainerItemProxy */;
		};
/* End PBXTargetDependency section */

/* Begin XCBuildConfiguration section */
		01F3C5FA51857709CC8D69BA /* Debug */ = {
			isa = XCBuildConfiguration;
			buildSettings = {
				ALWAYS_SEARCH_USER_PATHS = NO;
				CLANG_ANALYZER_NONNULL = YES;
				CLANG_ANALYZER_NUMBER_OBJECT_CONVERSION = YES_AGGRESSIVE;
				CLANG_CXX_LANGUAGE_STANDARD = "gnu++14";
				CLANG_CXX_LIBRARY = "libc++";
				CLANG_ENABLE_MODULES = YES;
				CLANG_ENABLE_OBJC_ARC = YES;
				CLANG_ENABLE_OBJC_WEAK = YES;
				CLANG_WARN_BLOCK_CAPTURE_AUTORELEASING = YES;
				CLANG_WARN_BOOL_CONVERSION = YES;
				CLANG_WARN_COMMA = YES;
				CLANG_WARN_CONSTANT_CONVERSION = YES;
				CLANG_WARN_DEPRECATED_OBJC_IMPLEMENTATIONS = YES;
				CLANG_WARN_DIRECT_OBJC_ISA_USAGE = YES_ERROR;
				CLANG_WARN_DOCUMENTATION_COMMENTS = YES;
				CLANG_WARN_EMPTY_BODY = YES;
				CLANG_WARN_ENUM_CONVERSION = YES;
				CLANG_WARN_INFINITE_RECURSION = YES;
				CLANG_WARN_INT_CONVERSION = YES;
				CLANG_WARN_NON_LITERAL_NULL_CONVERSION = YES;
				CLANG_WARN_OBJC_IMPLICIT_RETAIN_SELF = YES;
				CLANG_WARN_OBJC_LITERAL_CONVERSION = YES;
				CLANG_WARN_OBJC_ROOT_CLASS = YES_ERROR;
				CLANG_WARN_QUOTED_INCLUDE_IN_FRAMEWORK_HEADER = YES;
				CLANG_WARN_RANGE_LOOP_ANALYSIS = YES;
				CLANG_WARN_STRICT_PROTOTYPES = YES;
				CLANG_WARN_SUSPICIOUS_MOVE = YES;
				CLANG_WARN_UNGUARDED_AVAILABILITY = YES_AGGRESSIVE;
				CLANG_WARN_UNREACHABLE_CODE = YES;
				CLANG_WARN__DUPLICATE_METHOD_MATCH = YES;
				COPY_PHASE_STRIP = NO;
				CURRENT_PROJECT_VERSION = 1;
				DEBUG_INFORMATION_FORMAT = dwarf;
				DEVELOPMENT_TEAM = K78G42H4U2;
				ENABLE_STRICT_OBJC_MSGSEND = YES;
				ENABLE_TESTABILITY = YES;
				GCC_C_LANGUAGE_STANDARD = gnu11;
				GCC_DYNAMIC_NO_PIC = NO;
				GCC_NO_COMMON_BLOCKS = YES;
				GCC_OPTIMIZATION_LEVEL = 0;
				GCC_PREPROCESSOR_DEFINITIONS = (
					"$(inherited)",
					"DEBUG=1",
				);
				GCC_WARN_64_TO_32_BIT_CONVERSION = YES;
				GCC_WARN_ABOUT_RETURN_TYPE = YES_ERROR;
				GCC_WARN_UNDECLARED_SELECTOR = YES;
				GCC_WARN_UNINITIALIZED_AUTOS = YES_AGGRESSIVE;
				GCC_WARN_UNUSED_FUNCTION = YES;
				GCC_WARN_UNUSED_VARIABLE = YES;
				IPHONEOS_DEPLOYMENT_TARGET = 17.5;
				MARKETING_VERSION = 0.0.1;
				MTL_ENABLE_DEBUG_INFO = INCLUDE_SOURCE;
				MTL_FAST_MATH = YES;
				ONLY_ACTIVE_ARCH = YES;
				PRODUCT_NAME = "$(TARGET_NAME)";
				SDKROOT = iphoneos;
				SWIFT_ACTIVE_COMPILATION_CONDITIONS = DEBUG;
				SWIFT_OPTIMIZATION_LEVEL = "-Onone";
				SWIFT_VERSION = 5.0;
			};
			name = Debug;
		};
		210B1E9B21BD3BAF9541000F /* Release */ = {
			isa = XCBuildConfiguration;
			buildSettings = {
				BUNDLE_LOADER = "$(TEST_HOST)";
				LD_RUNPATH_SEARCH_PATHS = (
					"$(inherited)",
					"@executable_path/Frameworks",
					"@loader_path/Frameworks",
				);
				PRODUCT_BUNDLE_IDENTIFIER = com.joeblau.SubmapUITests;
				SDKROOT = iphoneos;
				TARGETED_DEVICE_FAMILY = "1,2";
				TEST_TARGET_NAME = Submap;
			};
			name = Release;
		};
		4171DFF55205EF6C274349D8 /* Debug */ = {
			isa = XCBuildConfiguration;
			buildSettings = {
				ASSETCATALOG_COMPILER_APPICON_NAME = AppIcon;
				CODE_SIGN_IDENTITY = "iPhone Developer";
				DEVELOPMENT_ASSET_PATHS = Apps/Submap/PreviewContent;
				GENERATE_INFOPLIST_FILE = YES;
				IDEPreferLogStreaming = YES;
				INFOPLIST_KEY_UILaunchScreen_Generation = YES;
				LD_RUNPATH_SEARCH_PATHS = (
					"$(inherited)",
					"@executable_path/Frameworks",
				);
				PRODUCT_BUNDLE_IDENTIFIER = com.joeblau.Submap;
				SDKROOT = iphoneos;
				SUPPORTED_PLATFORMS = (
					iphoneos,
					iphonesimulator,
				);
				SUPPORTS_MAC_DESIGNED_FOR_IPHONE_IPAD = NO;
				TARGETED_DEVICE_FAMILY = 1;
				VALIDATE_WORKSPACE = YES;
			};
			name = Debug;
		};
		4F67C42C9E95F88EB284C55D /* Release */ = {
			isa = XCBuildConfiguration;
			buildSettings = {
				ASSETCATALOG_COMPILER_APPICON_NAME = AppIcon;
				CODE_SIGN_IDENTITY = "iPhone Developer";
				DEVELOPMENT_ASSET_PATHS = Apps/Submap/PreviewContent;
				GENERATE_INFOPLIST_FILE = YES;
				IDEPreferLogStreaming = YES;
				INFOPLIST_KEY_UILaunchScreen_Generation = YES;
				LD_RUNPATH_SEARCH_PATHS = (
					"$(inherited)",
					"@executable_path/Frameworks",
				);
				PRODUCT_BUNDLE_IDENTIFIER = com.joeblau.Submap;
				SDKROOT = iphoneos;
				SUPPORTED_PLATFORMS = (
					iphoneos,
					iphonesimulator,
				);
				SUPPORTS_MAC_DESIGNED_FOR_IPHONE_IPAD = NO;
				TARGETED_DEVICE_FAMILY = 1;
				VALIDATE_WORKSPACE = YES;
			};
			name = Release;
		};
		886028BB4ECE2F0D1DE9CDD0 /* Debug */ = {
			isa = XCBuildConfiguration;
			buildSettings = {
				BUNDLE_LOADER = "$(TEST_HOST)";
				LD_RUNPATH_SEARCH_PATHS = (
					"$(inherited)",
					"@executable_path/Frameworks",
					"@loader_path/Frameworks",
				);
				PRODUCT_BUNDLE_IDENTIFIER = com.joeblau.SubmapTests;
				SDKROOT = iphoneos;
				TARGETED_DEVICE_FAMILY = "1,2";
				TEST_HOST = "$(BUILT_PRODUCTS_DIR)/Submap.app/Submap";
			};
			name = Debug;
		};
		B67EDC1A31FBFB11BDEA9359 /* Release */ = {
			isa = XCBuildConfiguration;
			buildSettings = {
				BUNDLE_LOADER = "$(TEST_HOST)";
				LD_RUNPATH_SEARCH_PATHS = (
					"$(inherited)",
					"@executable_path/Frameworks",
					"@loader_path/Frameworks",
				);
				PRODUCT_BUNDLE_IDENTIFIER = com.joeblau.SubmapTests;
				SDKROOT = iphoneos;
				TARGETED_DEVICE_FAMILY = "1,2";
				TEST_HOST = "$(BUILT_PRODUCTS_DIR)/Submap.app/Submap";
			};
			name = Release;
		};
		C683A9D54FEA7637EAAA4D2C /* Debug */ = {
			isa = XCBuildConfiguration;
			buildSettings = {
				BUNDLE_LOADER = "$(TEST_HOST)";
				LD_RUNPATH_SEARCH_PATHS = (
					"$(inherited)",
					"@executable_path/Frameworks",
					"@loader_path/Frameworks",
				);
				PRODUCT_BUNDLE_IDENTIFIER = com.joeblau.SubmapUITests;
				SDKROOT = iphoneos;
				TARGETED_DEVICE_FAMILY = "1,2";
				TEST_TARGET_NAME = Submap;
			};
			name = Debug;
		};
		F96CA5079E67499255470A16 /* Release */ = {
			isa = XCBuildConfiguration;
			buildSettings = {
				ALWAYS_SEARCH_USER_PATHS = NO;
				CLANG_ANALYZER_NONNULL = YES;
				CLANG_ANALYZER_NUMBER_OBJECT_CONVERSION = YES_AGGRESSIVE;
				CLANG_CXX_LANGUAGE_STANDARD = "gnu++14";
				CLANG_CXX_LIBRARY = "libc++";
				CLANG_ENABLE_MODULES = YES;
				CLANG_ENABLE_OBJC_ARC = YES;
				CLANG_ENABLE_OBJC_WEAK = YES;
				CLANG_WARN_BLOCK_CAPTURE_AUTORELEASING = YES;
				CLANG_WARN_BOOL_CONVERSION = YES;
				CLANG_WARN_COMMA = YES;
				CLANG_WARN_CONSTANT_CONVERSION = YES;
				CLANG_WARN_DEPRECATED_OBJC_IMPLEMENTATIONS = YES;
				CLANG_WARN_DIRECT_OBJC_ISA_USAGE = YES_ERROR;
				CLANG_WARN_DOCUMENTATION_COMMENTS = YES;
				CLANG_WARN_EMPTY_BODY = YES;
				CLANG_WARN_ENUM_CONVERSION = YES;
				CLANG_WARN_INFINITE_RECURSION = YES;
				CLANG_WARN_INT_CONVERSION = YES;
				CLANG_WARN_NON_LITERAL_NULL_CONVERSION = YES;
				CLANG_WARN_OBJC_IMPLICIT_RETAIN_SELF = YES;
				CLANG_WARN_OBJC_LITERAL_CONVERSION = YES;
				CLANG_WARN_OBJC_ROOT_CLASS = YES_ERROR;
				CLANG_WARN_QUOTED_INCLUDE_IN_FRAMEWORK_HEADER = YES;
				CLANG_WARN_RANGE_LOOP_ANALYSIS = YES;
				CLANG_WARN_STRICT_PROTOTYPES = YES;
				CLANG_WARN_SUSPICIOUS_MOVE = YES;
				CLANG_WARN_UNGUARDED_AVAILABILITY = YES_AGGRESSIVE;
				CLANG_WARN_UNREACHABLE_CODE = YES;
				CLANG_WARN__DUPLICATE_METHOD_MATCH = YES;
				COPY_PHASE_STRIP = NO;
				CURRENT_PROJECT_VERSION = 1;
				DEBUG_INFORMATION_FORMAT = "dwarf-with-dsym";
				DEVELOPMENT_TEAM = K78G42H4U2;
				ENABLE_NS_ASSERTIONS = NO;
				ENABLE_STRICT_OBJC_MSGSEND = YES;
				GCC_C_LANGUAGE_STANDARD = gnu11;
				GCC_NO_COMMON_BLOCKS = YES;
				GCC_WARN_64_TO_32_BIT_CONVERSION = YES;
				GCC_WARN_ABOUT_RETURN_TYPE = YES_ERROR;
				GCC_WARN_UNDECLARED_SELECTOR = YES;
				GCC_WARN_UNINITIALIZED_AUTOS = YES_AGGRESSIVE;
				GCC_WARN_UNUSED_FUNCTION = YES;
				GCC_WARN_UNUSED_VARIABLE = YES;
				IPHONEOS_DEPLOYMENT_TARGET = 17.5;
				MARKETING_VERSION = 0.0.1;
				MTL_ENABLE_DEBUG_INFO = NO;
				MTL_FAST_MATH = YES;
				PRODUCT_NAME = "$(TARGET_NAME)";
				SDKROOT = iphoneos;
				SWIFT_COMPILATION_MODE = wholemodule;
				SWIFT_OPTIMIZATION_LEVEL = "-O";
				SWIFT_VERSION = 5.0;
			};
			name = Release;
		};
/* End XCBuildConfiguration section */

/* Begin XCConfigurationList section */
		2D66367E313543891A1DF3BA /* Build configuration list for PBXNativeTarget "SubmapUITests" */ = {
			isa = XCConfigurationList;
			buildConfigurations = (
				C683A9D54FEA7637EAAA4D2C /* Debug */,
				210B1E9B21BD3BAF9541000F /* Release */,
			);
			defaultConfigurationIsVisible = 0;
			defaultConfigurationName = Debug;
		};
		5E321E5A2AC13F7849BEC289 /* Build configuration list for PBXNativeTarget "SubmapTests" */ = {
			isa = XCConfigurationList;
			buildConfigurations = (
				886028BB4ECE2F0D1DE9CDD0 /* Debug */,
				B67EDC1A31FBFB11BDEA9359 /* Release */,
			);
			defaultConfigurationIsVisible = 0;
			defaultConfigurationName = Debug;
		};
		BDA001BA92BB1BC0C9B1FF0C /* Build configuration list for PBXProject "Submap" */ = {
			isa = XCConfigurationList;
			buildConfigurations = (
				01F3C5FA51857709CC8D69BA /* Debug */,
				F96CA5079E67499255470A16 /* Release */,
			);
			defaultConfigurationIsVisible = 0;
			defaultConfigurationName = Debug;
		};
		F144FA461B1668954FEDF053 /* Build configuration list for PBXNativeTarget "Submap" */ = {
			isa = XCConfigurationList;
			buildConfigurations = (
				4171DFF55205EF6C274349D8 /* Debug */,
				4F67C42C9E95F88EB284C55D /* Release */,
			);
			defaultConfigurationIsVisible = 0;
			defaultConfigurationName = Debug;
		};
/* End XCConfigurationList section */
	};
	rootObject = 11E241BDB972970AD10904CC /* Project object */;
}
